// !$*UTF8*$!
{
	archiveVersion = 1;
	classes = {
	};
	objectVersion = 48;
	objects = {

/* Begin PBXBuildFile section */
		2FDED5B11FC7188E00580C8B /* GravityColliderGame.swift in Sources */ = {isa = PBXBuildFile; fileRef = 2FDED5B01FC7188E00580C8B /* GravityColliderGame.swift */; };
		2FDED5B31FC7189A00580C8B /* GravityColliderScene.swift in Sources */ = {isa = PBXBuildFile; fileRef = 2FDED5B21FC7189A00580C8B /* GravityColliderScene.swift */; };
		37B4FE811FC711E200778A3E /* BubbleRocketGame.swift in Sources */ = {isa = PBXBuildFile; fileRef = 37B4FE801FC711E200778A3E /* BubbleRocketGame.swift */; };
		37B4FE831FC711ED00778A3E /* BubbleRocketScene.swift in Sources */ = {isa = PBXBuildFile; fileRef = 37B4FE821FC711ED00778A3E /* BubbleRocketScene.swift */; };
		524424341FC0939A00FA03B3 /* AppDelegate.swift in Sources */ = {isa = PBXBuildFile; fileRef = 5244242E1FC0939A00FA03B3 /* AppDelegate.swift */; };
		524424351FC0939A00FA03B3 /* Assets.xcassets in Resources */ = {isa = PBXBuildFile; fileRef = 5244242F1FC0939A00FA03B3 /* Assets.xcassets */; };
		524424361FC0939A00FA03B3 /* LaunchScreen.storyboard in Resources */ = {isa = PBXBuildFile; fileRef = 524424301FC0939A00FA03B3 /* LaunchScreen.storyboard */; };
		524424371FC0939A00FA03B3 /* GameListViewController.swift in Sources */ = {isa = PBXBuildFile; fileRef = 524424321FC0939A00FA03B3 /* GameListViewController.swift */; };
		5244243A1FC0951000FA03B3 /* GameViewController.swift in Sources */ = {isa = PBXBuildFile; fileRef = 524424391FC0951000FA03B3 /* GameViewController.swift */; };
		524424411FC096A900FA03B3 /* DemoGame.swift in Sources */ = {isa = PBXBuildFile; fileRef = 524424401FC096A900FA03B3 /* DemoGame.swift */; };
		524424431FC0972A00FA03B3 /* Game.swift in Sources */ = {isa = PBXBuildFile; fileRef = 524424421FC0972A00FA03B3 /* Game.swift */; };
		524424461FC09DDC00FA03B3 /* GameFactory.swift in Sources */ = {isa = PBXBuildFile; fileRef = 524424451FC09DDC00FA03B3 /* GameFactory.swift */; };
		524424481FC0A36E00FA03B3 /* DemoScene.swift in Sources */ = {isa = PBXBuildFile; fileRef = 524424471FC0A36E00FA03B3 /* DemoScene.swift */; };
		5244244C1FC0A75D00FA03B3 /* SKScene+Extensions.swift in Sources */ = {isa = PBXBuildFile; fileRef = 5244244B1FC0A75D00FA03B3 /* SKScene+Extensions.swift */; };
		5244244E1FC0AB0A00FA03B3 /* Array+Random.swift in Sources */ = {isa = PBXBuildFile; fileRef = 5244244D1FC0AB0A00FA03B3 /* Array+Random.swift */; };
		524424501FC0C48700FA03B3 /* SKNode+UserData.swift in Sources */ = {isa = PBXBuildFile; fileRef = 5244244F1FC0C48700FA03B3 /* SKNode+UserData.swift */; };
		525A7CF41FC6F70400FA8907 /* AsteroidsGame.swift in Sources */ = {isa = PBXBuildFile; fileRef = 525A7CF21FC6F70400FA8907 /* AsteroidsGame.swift */; };
		525A7CF51FC6F70400FA8907 /* AsteroidsScene.swift in Sources */ = {isa = PBXBuildFile; fileRef = 525A7CF31FC6F70400FA8907 /* AsteroidsScene.swift */; };
		525A7D021FC6F70B00FA8907 /* SoccerGame.swift in Sources */ = {isa = PBXBuildFile; fileRef = 525A7CF71FC6F70B00FA8907 /* SoccerGame.swift */; };
		525A7D031FC6F70B00FA8907 /* SoccerScene.swift in Sources */ = {isa = PBXBuildFile; fileRef = 525A7CF81FC6F70B00FA8907 /* SoccerScene.swift */; };
		525A7D041FC6F70B00FA8907 /* FireFighterGame.swift in Sources */ = {isa = PBXBuildFile; fileRef = 525A7CFA1FC6F70B00FA8907 /* FireFighterGame.swift */; };
		525A7D051FC6F70B00FA8907 /* FireFighterScene.swift in Sources */ = {isa = PBXBuildFile; fileRef = 525A7CFB1FC6F70B00FA8907 /* FireFighterScene.swift */; };
		525A7D061FC6F70B00FA8907 /* WildWildWestGame.swift in Sources */ = {isa = PBXBuildFile; fileRef = 525A7CFD1FC6F70B00FA8907 /* WildWildWestGame.swift */; };
		525A7D071FC6F70B00FA8907 /* WildWildWestScene.swift in Sources */ = {isa = PBXBuildFile; fileRef = 525A7CFE1FC6F70B00FA8907 /* WildWildWestScene.swift */; };
		525A7D081FC6F70B00FA8907 /* RocketGame.swift in Sources */ = {isa = PBXBuildFile; fileRef = 525A7D001FC6F70B00FA8907 /* RocketGame.swift */; };
		525A7D091FC6F70B00FA8907 /* RocketScene.swift in Sources */ = {isa = PBXBuildFile; fileRef = 525A7D011FC6F70B00FA8907 /* RocketScene.swift */; };
		664B45781FC73F7500119635 /* VolcanoCannonGame.swift in Sources */ = {isa = PBXBuildFile; fileRef = 664B45761FC73C5700119635 /* VolcanoCannonGame.swift */; };
		664B45791FC73F7800119635 /* VolcanoCannonScene.swift in Sources */ = {isa = PBXBuildFile; fileRef = 664B45771FC73C5700119635 /* VolcanoCannonScene.swift */; };
		A0020DA81FC739F700B2CDA7 /* CakeKillerGame.swift in Sources */ = {isa = PBXBuildFile; fileRef = A0020DA61FC739F700B2CDA7 /* CakeKillerGame.swift */; };
		A0020DA91FC739F700B2CDA7 /* CakeKillerScene.swift in Sources */ = {isa = PBXBuildFile; fileRef = A0020DA71FC739F700B2CDA7 /* CakeKillerScene.swift */; };
		B399C7FD1FC71E2800102E39 /* BubbleProtectGame.swift in Sources */ = {isa = PBXBuildFile; fileRef = B399C7FB1FC71D5000102E39 /* BubbleProtectGame.swift */; };
		B399C7FE1FC71E2B00102E39 /* BubbleProtectScene.swift in Sources */ = {isa = PBXBuildFile; fileRef = B399C7FC1FC71D5000102E39 /* BubbleProtectScene.swift */; };
		FEC0DBCD1FC73A69001474A9 /* DeathStarGame.swift in Sources */ = {isa = PBXBuildFile; fileRef = FEC0DBCC1FC73A69001474A9 /* DeathStarGame.swift */; };
		FEC0DBCF1FC73A8A001474A9 /* DeathStarScene.swift in Sources */ = {isa = PBXBuildFile; fileRef = FEC0DBCE1FC73A8A001474A9 /* DeathStarScene.swift */; };
		DC2B4B381FC7241300F3A1E2 /* CarGame.swift in Sources */ = {isa = PBXBuildFile; fileRef = DC2B4B361FC7241200F3A1E2 /* CarGame.swift */; };
		DC2B4B391FC7241300F3A1E2 /* CarScene.swift in Sources */ = {isa = PBXBuildFile; fileRef = DC2B4B371FC7241200F3A1E2 /* CarScene.swift */; };
/* End PBXBuildFile section */

/* Begin PBXFileReference section */
		2FDED5B01FC7188E00580C8B /* GravityColliderGame.swift */ = {isa = PBXFileReference; lastKnownFileType = sourcecode.swift; path = GravityColliderGame.swift; sourceTree = "<group>"; };
		2FDED5B21FC7189A00580C8B /* GravityColliderScene.swift */ = {isa = PBXFileReference; lastKnownFileType = sourcecode.swift; path = GravityColliderScene.swift; sourceTree = "<group>"; };
		37B4FE801FC711E200778A3E /* BubbleRocketGame.swift */ = {isa = PBXFileReference; lastKnownFileType = sourcecode.swift; path = BubbleRocketGame.swift; sourceTree = "<group>"; };
		37B4FE821FC711ED00778A3E /* BubbleRocketScene.swift */ = {isa = PBXFileReference; lastKnownFileType = sourcecode.swift; path = BubbleRocketScene.swift; sourceTree = "<group>"; };
		524424161FC0931B00FA03B3 /* Swift Alps Game Jam.app */ = {isa = PBXFileReference; explicitFileType = wrapper.application; includeInIndex = 0; path = "Swift Alps Game Jam.app"; sourceTree = BUILT_PRODUCTS_DIR; };
		5244242E1FC0939A00FA03B3 /* AppDelegate.swift */ = {isa = PBXFileReference; fileEncoding = 4; lastKnownFileType = sourcecode.swift; path = AppDelegate.swift; sourceTree = "<group>"; };
		5244242F1FC0939A00FA03B3 /* Assets.xcassets */ = {isa = PBXFileReference; lastKnownFileType = folder.assetcatalog; path = Assets.xcassets; sourceTree = "<group>"; };
		524424311FC0939A00FA03B3 /* Base */ = {isa = PBXFileReference; lastKnownFileType = file.storyboard; name = Base; path = Base.lproj/LaunchScreen.storyboard; sourceTree = "<group>"; };
		524424321FC0939A00FA03B3 /* GameListViewController.swift */ = {isa = PBXFileReference; fileEncoding = 4; lastKnownFileType = sourcecode.swift; path = GameListViewController.swift; sourceTree = "<group>"; };
		524424331FC0939A00FA03B3 /* Info.plist */ = {isa = PBXFileReference; fileEncoding = 4; lastKnownFileType = text.plist.xml; path = Info.plist; sourceTree = "<group>"; };
		524424391FC0951000FA03B3 /* GameViewController.swift */ = {isa = PBXFileReference; lastKnownFileType = sourcecode.swift; path = GameViewController.swift; sourceTree = "<group>"; };
		524424401FC096A900FA03B3 /* DemoGame.swift */ = {isa = PBXFileReference; fileEncoding = 4; lastKnownFileType = sourcecode.swift; path = DemoGame.swift; sourceTree = "<group>"; };
		524424421FC0972A00FA03B3 /* Game.swift */ = {isa = PBXFileReference; lastKnownFileType = sourcecode.swift; path = Game.swift; sourceTree = "<group>"; };
		524424451FC09DDC00FA03B3 /* GameFactory.swift */ = {isa = PBXFileReference; fileEncoding = 4; lastKnownFileType = sourcecode.swift; path = GameFactory.swift; sourceTree = "<group>"; };
		524424471FC0A36E00FA03B3 /* DemoScene.swift */ = {isa = PBXFileReference; lastKnownFileType = sourcecode.swift; path = DemoScene.swift; sourceTree = "<group>"; };
		5244244B1FC0A75D00FA03B3 /* SKScene+Extensions.swift */ = {isa = PBXFileReference; lastKnownFileType = sourcecode.swift; path = "SKScene+Extensions.swift"; sourceTree = "<group>"; };
		5244244D1FC0AB0A00FA03B3 /* Array+Random.swift */ = {isa = PBXFileReference; lastKnownFileType = sourcecode.swift; path = "Array+Random.swift"; sourceTree = "<group>"; };
		5244244F1FC0C48700FA03B3 /* SKNode+UserData.swift */ = {isa = PBXFileReference; lastKnownFileType = sourcecode.swift; path = "SKNode+UserData.swift"; sourceTree = "<group>"; };
		525A7CF21FC6F70400FA8907 /* AsteroidsGame.swift */ = {isa = PBXFileReference; fileEncoding = 4; lastKnownFileType = sourcecode.swift; path = AsteroidsGame.swift; sourceTree = "<group>"; };
		525A7CF31FC6F70400FA8907 /* AsteroidsScene.swift */ = {isa = PBXFileReference; fileEncoding = 4; lastKnownFileType = sourcecode.swift; path = AsteroidsScene.swift; sourceTree = "<group>"; };
		525A7CF71FC6F70B00FA8907 /* SoccerGame.swift */ = {isa = PBXFileReference; fileEncoding = 4; lastKnownFileType = sourcecode.swift; path = SoccerGame.swift; sourceTree = "<group>"; };
		525A7CF81FC6F70B00FA8907 /* SoccerScene.swift */ = {isa = PBXFileReference; fileEncoding = 4; lastKnownFileType = sourcecode.swift; path = SoccerScene.swift; sourceTree = "<group>"; };
		525A7CFA1FC6F70B00FA8907 /* FireFighterGame.swift */ = {isa = PBXFileReference; fileEncoding = 4; lastKnownFileType = sourcecode.swift; path = FireFighterGame.swift; sourceTree = "<group>"; };
		525A7CFB1FC6F70B00FA8907 /* FireFighterScene.swift */ = {isa = PBXFileReference; fileEncoding = 4; lastKnownFileType = sourcecode.swift; path = FireFighterScene.swift; sourceTree = "<group>"; };
		525A7CFD1FC6F70B00FA8907 /* WildWildWestGame.swift */ = {isa = PBXFileReference; fileEncoding = 4; lastKnownFileType = sourcecode.swift; path = WildWildWestGame.swift; sourceTree = "<group>"; };
		525A7CFE1FC6F70B00FA8907 /* WildWildWestScene.swift */ = {isa = PBXFileReference; fileEncoding = 4; lastKnownFileType = sourcecode.swift; path = WildWildWestScene.swift; sourceTree = "<group>"; };
		525A7D001FC6F70B00FA8907 /* RocketGame.swift */ = {isa = PBXFileReference; fileEncoding = 4; lastKnownFileType = sourcecode.swift; path = RocketGame.swift; sourceTree = "<group>"; };
		525A7D011FC6F70B00FA8907 /* RocketScene.swift */ = {isa = PBXFileReference; fileEncoding = 4; lastKnownFileType = sourcecode.swift; path = RocketScene.swift; sourceTree = "<group>"; };
		664B45761FC73C5700119635 /* VolcanoCannonGame.swift */ = {isa = PBXFileReference; lastKnownFileType = sourcecode.swift; path = VolcanoCannonGame.swift; sourceTree = "<group>"; };
		664B45771FC73C5700119635 /* VolcanoCannonScene.swift */ = {isa = PBXFileReference; lastKnownFileType = sourcecode.swift; path = VolcanoCannonScene.swift; sourceTree = "<group>"; };
		A0020DA61FC739F700B2CDA7 /* CakeKillerGame.swift */ = {isa = PBXFileReference; fileEncoding = 4; lastKnownFileType = sourcecode.swift; path = CakeKillerGame.swift; sourceTree = "<group>"; };
		A0020DA71FC739F700B2CDA7 /* CakeKillerScene.swift */ = {isa = PBXFileReference; fileEncoding = 4; lastKnownFileType = sourcecode.swift; path = CakeKillerScene.swift; sourceTree = "<group>"; };
		B399C7FB1FC71D5000102E39 /* BubbleProtectGame.swift */ = {isa = PBXFileReference; lastKnownFileType = sourcecode.swift; path = BubbleProtectGame.swift; sourceTree = "<group>"; };
		B399C7FC1FC71D5000102E39 /* BubbleProtectScene.swift */ = {isa = PBXFileReference; lastKnownFileType = sourcecode.swift; path = BubbleProtectScene.swift; sourceTree = "<group>"; };
		FEC0DBCC1FC73A69001474A9 /* DeathStarGame.swift */ = {isa = PBXFileReference; lastKnownFileType = sourcecode.swift; path = DeathStarGame.swift; sourceTree = "<group>"; };
		FEC0DBCE1FC73A8A001474A9 /* DeathStarScene.swift */ = {isa = PBXFileReference; lastKnownFileType = sourcecode.swift; path = DeathStarScene.swift; sourceTree = "<group>"; };
		DC2B4B361FC7241200F3A1E2 /* CarGame.swift */ = {isa = PBXFileReference; fileEncoding = 4; lastKnownFileType = sourcecode.swift; path = CarGame.swift; sourceTree = "<group>"; };
		DC2B4B371FC7241200F3A1E2 /* CarScene.swift */ = {isa = PBXFileReference; fileEncoding = 4; lastKnownFileType = sourcecode.swift; path = CarScene.swift; sourceTree = "<group>"; };
/* End PBXFileReference section */

/* Begin PBXFrameworksBuildPhase section */
		524424131FC0931B00FA03B3 /* Frameworks */ = {
			isa = PBXFrameworksBuildPhase;
			buildActionMask = 2147483647;
			files = (
			);
			runOnlyForDeploymentPostprocessing = 0;
		};
/* End PBXFrameworksBuildPhase section */

/* Begin PBXGroup section */
		2FDED5AF1FC7186A00580C8B /* GravityCollider */ = {
			isa = PBXGroup;
			children = (
				2FDED5B01FC7188E00580C8B /* GravityColliderGame.swift */,
				2FDED5B21FC7189A00580C8B /* GravityColliderScene.swift */,
			);
			path = GravityCollider;
			sourceTree = "<group>";
		};
		37B4FE7F1FC711C400778A3E /* BubbleRocket */ = {
			isa = PBXGroup;
			children = (
				37B4FE801FC711E200778A3E /* BubbleRocketGame.swift */,
				37B4FE821FC711ED00778A3E /* BubbleRocketScene.swift */,
			);
			path = BubbleRocket;
			sourceTree = "<group>";
		};
		5244240D1FC0931B00FA03B3 = {
			isa = PBXGroup;
			children = (
				5244242D1FC0939A00FA03B3 /* App */,
				5244243C1FC0967300FA03B3 /* Games */,
				5244243B1FC0952300FA03B3 /* Library */,
				524424171FC0931B00FA03B3 /* Products */,
			);
			sourceTree = "<group>";
		};
		524424171FC0931B00FA03B3 /* Products */ = {
			isa = PBXGroup;
			children = (
				524424161FC0931B00FA03B3 /* Swift Alps Game Jam.app */,
			);
			name = Products;
			sourceTree = "<group>";
		};
		5244242D1FC0939A00FA03B3 /* App */ = {
			isa = PBXGroup;
			children = (
				5244242E1FC0939A00FA03B3 /* AppDelegate.swift */,
				5244242F1FC0939A00FA03B3 /* Assets.xcassets */,
				524424301FC0939A00FA03B3 /* LaunchScreen.storyboard */,
				524424321FC0939A00FA03B3 /* GameListViewController.swift */,
				524424391FC0951000FA03B3 /* GameViewController.swift */,
				524424451FC09DDC00FA03B3 /* GameFactory.swift */,
				524424331FC0939A00FA03B3 /* Info.plist */,
			);
			path = App;
			sourceTree = "<group>";
		};
		5244243B1FC0952300FA03B3 /* Library */ = {
			isa = PBXGroup;
			children = (
				5244244D1FC0AB0A00FA03B3 /* Array+Random.swift */,
				524424421FC0972A00FA03B3 /* Game.swift */,
				5244244B1FC0A75D00FA03B3 /* SKScene+Extensions.swift */,
				5244244F1FC0C48700FA03B3 /* SKNode+UserData.swift */,
			);
			path = Library;
			sourceTree = "<group>";
		};
		5244243C1FC0967300FA03B3 /* Games */ = {
			isa = PBXGroup;
			children = (
				FEC0DBCB1FC73A46001474A9 /* DeathStar */,
				664B45751FC73C3200119635 /* VolcanoCannon */,
				DC2B4B351FC7241200F3A1E2 /* Car */,
				2FDED5AF1FC7186A00580C8B /* GravityCollider */,
				B399C7FA1FC71D4000102E39 /* BubbleProtect */,
				37B4FE7F1FC711C400778A3E /* BubbleRocket */,
				A0020DA51FC739F700B2CDA7 /* CakeKiller */,
				525A7CF11FC6F70400FA8907 /* Asteroids */,
				5244243F1FC096A900FA03B3 /* Demo */,
				525A7CF91FC6F70B00FA8907 /* FireFighter */,
				525A7CFF1FC6F70B00FA8907 /* Rocket */,
				525A7CF61FC6F70B00FA8907 /* Soccer */,
				525A7CFC1FC6F70B00FA8907 /* WildWildWest */,
			);
			path = Games;
			sourceTree = "<group>";
		};
		5244243F1FC096A900FA03B3 /* Demo */ = {
			isa = PBXGroup;
			children = (
				524424401FC096A900FA03B3 /* DemoGame.swift */,
				524424471FC0A36E00FA03B3 /* DemoScene.swift */,
			);
			path = Demo;
			sourceTree = "<group>";
		};
		525A7CF11FC6F70400FA8907 /* Asteroids */ = {
			isa = PBXGroup;
			children = (
				525A7CF21FC6F70400FA8907 /* AsteroidsGame.swift */,
				525A7CF31FC6F70400FA8907 /* AsteroidsScene.swift */,
			);
			path = Asteroids;
			sourceTree = "<group>";
		};
		525A7CF61FC6F70B00FA8907 /* Soccer */ = {
			isa = PBXGroup;
			children = (
				525A7CF71FC6F70B00FA8907 /* SoccerGame.swift */,
				525A7CF81FC6F70B00FA8907 /* SoccerScene.swift */,
			);
			name = Soccer;
			path = Games/Soccer;
			sourceTree = SOURCE_ROOT;
		};
		525A7CF91FC6F70B00FA8907 /* FireFighter */ = {
			isa = PBXGroup;
			children = (
				525A7CFA1FC6F70B00FA8907 /* FireFighterGame.swift */,
				525A7CFB1FC6F70B00FA8907 /* FireFighterScene.swift */,
			);
			name = FireFighter;
			path = Games/FireFighter;
			sourceTree = SOURCE_ROOT;
		};
		525A7CFC1FC6F70B00FA8907 /* WildWildWest */ = {
			isa = PBXGroup;
			children = (
				525A7CFD1FC6F70B00FA8907 /* WildWildWestGame.swift */,
				525A7CFE1FC6F70B00FA8907 /* WildWildWestScene.swift */,
			);
			name = WildWildWest;
			path = Games/WildWildWest;
			sourceTree = SOURCE_ROOT;
		};
		525A7CFF1FC6F70B00FA8907 /* Rocket */ = {
			isa = PBXGroup;
			children = (
				525A7D001FC6F70B00FA8907 /* RocketGame.swift */,
				525A7D011FC6F70B00FA8907 /* RocketScene.swift */,
			);
			name = Rocket;
			path = Games/Rocket;
			sourceTree = SOURCE_ROOT;
		};
		664B45751FC73C3200119635 /* VolcanoCannon */ = {
			isa = PBXGroup;
			children = (
				664B45761FC73C5700119635 /* VolcanoCannonGame.swift */,
				664B45771FC73C5700119635 /* VolcanoCannonScene.swift */,
			);
			path = VolcanoCannon;
		A0020DA51FC739F700B2CDA7 /* CakeKiller */ = {
			isa = PBXGroup;
			children = (
				A0020DA61FC739F700B2CDA7 /* CakeKillerGame.swift */,
				A0020DA71FC739F700B2CDA7 /* CakeKillerScene.swift */,
			);
			path = CakeKiller;
			sourceTree = "<group>";
		};
		B399C7FA1FC71D4000102E39 /* BubbleProtect */ = {
			isa = PBXGroup;
			children = (
				B399C7FB1FC71D5000102E39 /* BubbleProtectGame.swift */,
				B399C7FC1FC71D5000102E39 /* BubbleProtectScene.swift */,
			);
			path = BubbleProtect;
			sourceTree = "<group>";
		};
		FEC0DBCB1FC73A46001474A9 /* DeathStar */ = {
			isa = PBXGroup;
			children = (
				FEC0DBCC1FC73A69001474A9 /* DeathStarGame.swift */,
				FEC0DBCE1FC73A8A001474A9 /* DeathStarScene.swift */,
			);
			path = DeathStar;
		DC2B4B351FC7241200F3A1E2 /* Car */ = {
			isa = PBXGroup;
			children = (
				DC2B4B361FC7241200F3A1E2 /* CarGame.swift */,
				DC2B4B371FC7241200F3A1E2 /* CarScene.swift */,
			);
			path = Car;
			sourceTree = "<group>";
		};
/* End PBXGroup section */

/* Begin PBXNativeTarget section */
		524424151FC0931B00FA03B3 /* Swift Alps Game Jam */ = {
			isa = PBXNativeTarget;
			buildConfigurationList = 524424281FC0931B00FA03B3 /* Build configuration list for PBXNativeTarget "Swift Alps Game Jam" */;
			buildPhases = (
				524424441FC097DF00FA03B3 /* Generate game list */,
				524424121FC0931B00FA03B3 /* Sources */,
				524424131FC0931B00FA03B3 /* Frameworks */,
				524424141FC0931B00FA03B3 /* Resources */,
			);
			buildRules = (
			);
			dependencies = (
			);
			name = "Swift Alps Game Jam";
			productName = "Swift Alps Game Jam";
			productReference = 524424161FC0931B00FA03B3 /* Swift Alps Game Jam.app */;
			productType = "com.apple.product-type.application";
		};
/* End PBXNativeTarget section */

/* Begin PBXProject section */
		5244240E1FC0931B00FA03B3 /* Project object */ = {
			isa = PBXProject;
			attributes = {
				LastSwiftUpdateCheck = 0910;
				LastUpgradeCheck = 0910;
				TargetAttributes = {
					524424151FC0931B00FA03B3 = {
						CreatedOnToolsVersion = 9.1;
						ProvisioningStyle = Manual;
					};
				};
			};
			buildConfigurationList = 524424111FC0931B00FA03B3 /* Build configuration list for PBXProject "Swift Alps Game Jam" */;
			compatibilityVersion = "Xcode 8.0";
			developmentRegion = en;
			hasScannedForEncodings = 0;
			knownRegions = (
				en,
				Base,
			);
			mainGroup = 5244240D1FC0931B00FA03B3;
			productRefGroup = 524424171FC0931B00FA03B3 /* Products */;
			projectDirPath = "";
			projectRoot = "";
			targets = (
				524424151FC0931B00FA03B3 /* Swift Alps Game Jam */,
			);
		};
/* End PBXProject section */

/* Begin PBXResourcesBuildPhase section */
		524424141FC0931B00FA03B3 /* Resources */ = {
			isa = PBXResourcesBuildPhase;
			buildActionMask = 2147483647;
			files = (
				524424351FC0939A00FA03B3 /* Assets.xcassets in Resources */,
				524424361FC0939A00FA03B3 /* LaunchScreen.storyboard in Resources */,
			);
			runOnlyForDeploymentPostprocessing = 0;
		};
/* End PBXResourcesBuildPhase section */

/* Begin PBXShellScriptBuildPhase section */
		524424441FC097DF00FA03B3 /* Generate game list */ = {
			isa = PBXShellScriptBuildPhase;
			buildActionMask = 2147483647;
			files = (
			);
			inputPaths = (
			);
			name = "Generate game list";
			outputPaths = (
			);
			runOnlyForDeploymentPostprocessing = 0;
			shellPath = /bin/sh;
			shellScript = "file=App/GameFactory.swift\n\necho $'// Auto-generated file, don\\'t edit :)\\n' > $file\necho $'import Foundation\\n\\nfinal class GameFactory {' >> $file\necho $'    func makeGames() -> [Game] {' >> $file\necho $'        return [' >> $file\n\nfor folder in Games/*/; do\n    game=${folder%*/}\n    game=${game##*/}\n    game+=\"Game(),\"\n    echo $'            '$game >> $file\ndone\n\necho $'        ]' >> $file\necho $'    }' >> $file\necho $'}\\n' >> $file";
		};
/* End PBXShellScriptBuildPhase section */

/* Begin PBXSourcesBuildPhase section */
		524424121FC0931B00FA03B3 /* Sources */ = {
			isa = PBXSourcesBuildPhase;
			buildActionMask = 2147483647;
			files = (
				664B45781FC73F7500119635 /* VolcanoCannonGame.swift in Sources */,
				525A7D081FC6F70B00FA8907 /* RocketGame.swift in Sources */,
				FEC0DBCF1FC73A8A001474A9 /* DeathStarScene.swift in Sources */,
				A0020DA91FC739F700B2CDA7 /* CakeKillerScene.swift in Sources */,
				525A7CF41FC6F70400FA8907 /* AsteroidsGame.swift in Sources */,
				37B4FE811FC711E200778A3E /* BubbleRocketGame.swift in Sources */,
				664B45791FC73F7800119635 /* VolcanoCannonScene.swift in Sources */,
				524424461FC09DDC00FA03B3 /* GameFactory.swift in Sources */,
				524424411FC096A900FA03B3 /* DemoGame.swift in Sources */,
				525A7D071FC6F70B00FA8907 /* WildWildWestScene.swift in Sources */,
				525A7CF51FC6F70400FA8907 /* AsteroidsScene.swift in Sources */,
				525A7D091FC6F70B00FA8907 /* RocketScene.swift in Sources */,
				B399C7FD1FC71E2800102E39 /* BubbleProtectGame.swift in Sources */,
				525A7D061FC6F70B00FA8907 /* WildWildWestGame.swift in Sources */,
				5244244C1FC0A75D00FA03B3 /* SKScene+Extensions.swift in Sources */,
				525A7D031FC6F70B00FA8907 /* SoccerScene.swift in Sources */,
				2FDED5B11FC7188E00580C8B /* GravityColliderGame.swift in Sources */,
				2FDED5B31FC7189A00580C8B /* GravityColliderScene.swift in Sources */,
				524424481FC0A36E00FA03B3 /* DemoScene.swift in Sources */,
				524424501FC0C48700FA03B3 /* SKNode+UserData.swift in Sources */,
				524424431FC0972A00FA03B3 /* Game.swift in Sources */,
				DC2B4B391FC7241300F3A1E2 /* CarScene.swift in Sources */,
				37B4FE831FC711ED00778A3E /* BubbleRocketScene.swift in Sources */,
				524424371FC0939A00FA03B3 /* GameListViewController.swift in Sources */,
				5244243A1FC0951000FA03B3 /* GameViewController.swift in Sources */,
				B399C7FE1FC71E2B00102E39 /* BubbleProtectScene.swift in Sources */,
				A0020DA81FC739F700B2CDA7 /* CakeKillerGame.swift in Sources */,
				524424341FC0939A00FA03B3 /* AppDelegate.swift in Sources */,
				5244244E1FC0AB0A00FA03B3 /* Array+Random.swift in Sources */,
				DC2B4B381FC7241300F3A1E2 /* CarGame.swift in Sources */,
				525A7D041FC6F70B00FA8907 /* FireFighterGame.swift in Sources */,
				FEC0DBCD1FC73A69001474A9 /* DeathStarGame.swift in Sources */,
				525A7D051FC6F70B00FA8907 /* FireFighterScene.swift in Sources */,
				525A7D021FC6F70B00FA8907 /* SoccerGame.swift in Sources */,
			);
			runOnlyForDeploymentPostprocessing = 0;
		};
/* End PBXSourcesBuildPhase section */

/* Begin PBXVariantGroup section */
		524424301FC0939A00FA03B3 /* LaunchScreen.storyboard */ = {
			isa = PBXVariantGroup;
			children = (
				524424311FC0939A00FA03B3 /* Base */,
			);
			name = LaunchScreen.storyboard;
			sourceTree = "<group>";
		};
/* End PBXVariantGroup section */

/* Begin XCBuildConfiguration section */
		524424261FC0931B00FA03B3 /* Debug */ = {
			isa = XCBuildConfiguration;
			buildSettings = {
				ALWAYS_SEARCH_USER_PATHS = NO;
				CLANG_ANALYZER_NONNULL = YES;
				CLANG_ANALYZER_NUMBER_OBJECT_CONVERSION = YES_AGGRESSIVE;
				CLANG_CXX_LANGUAGE_STANDARD = "gnu++14";
				CLANG_CXX_LIBRARY = "libc++";
				CLANG_ENABLE_MODULES = YES;
				CLANG_ENABLE_OBJC_ARC = YES;
				CLANG_WARN_BLOCK_CAPTURE_AUTORELEASING = YES;
				CLANG_WARN_BOOL_CONVERSION = YES;
				CLANG_WARN_COMMA = YES;
				CLANG_WARN_CONSTANT_CONVERSION = YES;
				CLANG_WARN_DIRECT_OBJC_ISA_USAGE = YES_ERROR;
				CLANG_WARN_DOCUMENTATION_COMMENTS = YES;
				CLANG_WARN_EMPTY_BODY = YES;
				CLANG_WARN_ENUM_CONVERSION = YES;
				CLANG_WARN_INFINITE_RECURSION = YES;
				CLANG_WARN_INT_CONVERSION = YES;
				CLANG_WARN_NON_LITERAL_NULL_CONVERSION = YES;
				CLANG_WARN_OBJC_LITERAL_CONVERSION = YES;
				CLANG_WARN_OBJC_ROOT_CLASS = YES_ERROR;
				CLANG_WARN_RANGE_LOOP_ANALYSIS = YES;
				CLANG_WARN_STRICT_PROTOTYPES = YES;
				CLANG_WARN_SUSPICIOUS_MOVE = YES;
				CLANG_WARN_UNGUARDED_AVAILABILITY = YES_AGGRESSIVE;
				CLANG_WARN_UNREACHABLE_CODE = YES;
				CLANG_WARN__DUPLICATE_METHOD_MATCH = YES;
				CODE_SIGN_IDENTITY = "iPhone Developer";
				COPY_PHASE_STRIP = NO;
				DEBUG_INFORMATION_FORMAT = dwarf;
				ENABLE_STRICT_OBJC_MSGSEND = YES;
				ENABLE_TESTABILITY = YES;
				GCC_C_LANGUAGE_STANDARD = gnu11;
				GCC_DYNAMIC_NO_PIC = NO;
				GCC_NO_COMMON_BLOCKS = YES;
				GCC_OPTIMIZATION_LEVEL = 0;
				GCC_PREPROCESSOR_DEFINITIONS = (
					"DEBUG=1",
					"$(inherited)",
				);
				GCC_WARN_64_TO_32_BIT_CONVERSION = YES;
				GCC_WARN_ABOUT_RETURN_TYPE = YES_ERROR;
				GCC_WARN_UNDECLARED_SELECTOR = YES;
				GCC_WARN_UNINITIALIZED_AUTOS = YES_AGGRESSIVE;
				GCC_WARN_UNUSED_FUNCTION = YES;
				GCC_WARN_UNUSED_VARIABLE = YES;
				IPHONEOS_DEPLOYMENT_TARGET = 11.1;
				MTL_ENABLE_DEBUG_INFO = YES;
				ONLY_ACTIVE_ARCH = YES;
				SDKROOT = iphoneos;
				SWIFT_ACTIVE_COMPILATION_CONDITIONS = DEBUG;
				SWIFT_OPTIMIZATION_LEVEL = "-Onone";
			};
			name = Debug;
		};
		524424271FC0931B00FA03B3 /* Release */ = {
			isa = XCBuildConfiguration;
			buildSettings = {
				ALWAYS_SEARCH_USER_PATHS = NO;
				CLANG_ANALYZER_NONNULL = YES;
				CLANG_ANALYZER_NUMBER_OBJECT_CONVERSION = YES_AGGRESSIVE;
				CLANG_CXX_LANGUAGE_STANDARD = "gnu++14";
				CLANG_CXX_LIBRARY = "libc++";
				CLANG_ENABLE_MODULES = YES;
				CLANG_ENABLE_OBJC_ARC = YES;
				CLANG_WARN_BLOCK_CAPTURE_AUTORELEASING = YES;
				CLANG_WARN_BOOL_CONVERSION = YES;
				CLANG_WARN_COMMA = YES;
				CLANG_WARN_CONSTANT_CONVERSION = YES;
				CLANG_WARN_DIRECT_OBJC_ISA_USAGE = YES_ERROR;
				CLANG_WARN_DOCUMENTATION_COMMENTS = YES;
				CLANG_WARN_EMPTY_BODY = YES;
				CLANG_WARN_ENUM_CONVERSION = YES;
				CLANG_WARN_INFINITE_RECURSION = YES;
				CLANG_WARN_INT_CONVERSION = YES;
				CLANG_WARN_NON_LITERAL_NULL_CONVERSION = YES;
				CLANG_WARN_OBJC_LITERAL_CONVERSION = YES;
				CLANG_WARN_OBJC_ROOT_CLASS = YES_ERROR;
				CLANG_WARN_RANGE_LOOP_ANALYSIS = YES;
				CLANG_WARN_STRICT_PROTOTYPES = YES;
				CLANG_WARN_SUSPICIOUS_MOVE = YES;
				CLANG_WARN_UNGUARDED_AVAILABILITY = YES_AGGRESSIVE;
				CLANG_WARN_UNREACHABLE_CODE = YES;
				CLANG_WARN__DUPLICATE_METHOD_MATCH = YES;
				CODE_SIGN_IDENTITY = "iPhone Developer";
				COPY_PHASE_STRIP = NO;
				DEBUG_INFORMATION_FORMAT = "dwarf-with-dsym";
				ENABLE_NS_ASSERTIONS = NO;
				ENABLE_STRICT_OBJC_MSGSEND = YES;
				GCC_C_LANGUAGE_STANDARD = gnu11;
				GCC_NO_COMMON_BLOCKS = YES;
				GCC_WARN_64_TO_32_BIT_CONVERSION = YES;
				GCC_WARN_ABOUT_RETURN_TYPE = YES_ERROR;
				GCC_WARN_UNDECLARED_SELECTOR = YES;
				GCC_WARN_UNINITIALIZED_AUTOS = YES_AGGRESSIVE;
				GCC_WARN_UNUSED_FUNCTION = YES;
				GCC_WARN_UNUSED_VARIABLE = YES;
				IPHONEOS_DEPLOYMENT_TARGET = 11.1;
				MTL_ENABLE_DEBUG_INFO = NO;
				SDKROOT = iphoneos;
				SWIFT_OPTIMIZATION_LEVEL = "-Owholemodule";
				VALIDATE_PRODUCT = YES;
			};
			name = Release;
		};
		524424291FC0931B00FA03B3 /* Debug */ = {
			isa = XCBuildConfiguration;
			buildSettings = {
				ASSETCATALOG_COMPILER_APPICON_NAME = AppIcon;
				"CODE_SIGN_IDENTITY[sdk=iphoneos*]" = "iPhone Developer";
				CODE_SIGN_STYLE = Manual;
				DEVELOPMENT_TEAM = "";
				INFOPLIST_FILE = "$(SRCROOT)/App/Info.plist";
				LD_RUNPATH_SEARCH_PATHS = "$(inherited) @executable_path/Frameworks";
				PRODUCT_BUNDLE_IDENTIFIER = "com.theswiftalps.game-jam";
				PRODUCT_NAME = "$(TARGET_NAME)";
				PROVISIONING_PROFILE_SPECIFIER = "";
				SWIFT_VERSION = 4.0;
				TARGETED_DEVICE_FAMILY = 1;
			};
			name = Debug;
		};
		5244242A1FC0931B00FA03B3 /* Release */ = {
			isa = XCBuildConfiguration;
			buildSettings = {
				ASSETCATALOG_COMPILER_APPICON_NAME = AppIcon;
				"CODE_SIGN_IDENTITY[sdk=iphoneos*]" = "iPhone Developer";
				CODE_SIGN_STYLE = Manual;
				DEVELOPMENT_TEAM = "";
				INFOPLIST_FILE = "$(SRCROOT)/App/Info.plist";
				LD_RUNPATH_SEARCH_PATHS = "$(inherited) @executable_path/Frameworks";
				PRODUCT_BUNDLE_IDENTIFIER = "com.theswiftalps.game-jam";
				PRODUCT_NAME = "$(TARGET_NAME)";
				PROVISIONING_PROFILE_SPECIFIER = "";
				SWIFT_VERSION = 4.0;
				TARGETED_DEVICE_FAMILY = 1;
			};
			name = Release;
		};
/* End XCBuildConfiguration section */

/* Begin XCConfigurationList section */
		524424111FC0931B00FA03B3 /* Build configuration list for PBXProject "Swift Alps Game Jam" */ = {
			isa = XCConfigurationList;
			buildConfigurations = (
				524424261FC0931B00FA03B3 /* Debug */,
				524424271FC0931B00FA03B3 /* Release */,
			);
			defaultConfigurationIsVisible = 0;
			defaultConfigurationName = Release;
		};
		524424281FC0931B00FA03B3 /* Build configuration list for PBXNativeTarget "Swift Alps Game Jam" */ = {
			isa = XCConfigurationList;
			buildConfigurations = (
				524424291FC0931B00FA03B3 /* Debug */,
				5244242A1FC0931B00FA03B3 /* Release */,
			);
			defaultConfigurationIsVisible = 0;
			defaultConfigurationName = Release;
		};
/* End XCConfigurationList section */
	};
	rootObject = 5244240E1FC0931B00FA03B3 /* Project object */;
}
